{
  "originHash" : "df292e37689b43e70a3a3855e9ce01e86786d389175d48dbde32b6c8badf79b0",
  "pins" : [
    {
      "identity" : "swiftvlc",
      "kind" : "remoteSourceControl",
      "location" : "https://github.com/harflabs/SwiftVLC",
      "state" : {
        "revision" : "192393a45cdcd7ebb6befac26586360b8b1676b3",
        "version" : "1.0.0"
      }
    }
  ],
  "version" : 3
}
